
Microsoft Visual Studio Solution File, Format Version 12.00
# Visual Studio 2013
VisualStudioVersion = 12.0.21005.1
MinimumVisualStudioVersion = 10.0.40219.1
Project("{FAE04EC0-301F-11D3-BF4B-00C04F79EFBC}") = "QrWebApp", "QrWebApp\QrWebApp.csproj", "{E9C7AB9F-31F2-472C-90A7-6371753EF148}"
EndProject
Project("{2150E333-8FDC-42A3-9474-1A3956D46DE8}") = "Libraries", "Libraries", "{7049B024-3CED-43DD-8513-AE983981CA42}"
EndProject
Project("{FAE04EC0-301F-11D3-BF4B-00C04F79EFBC}") = "com.libraries.qrgenerator", "com.libraries.qrgenerator\com.libraries.qrgenerator.csproj", "{E046DACC-C5A1-4060-A7D1-12556C1F94F9}"
EndProject
Project("{FAE04EC0-301F-11D3-BF4B-00C04F79EFBC}") = "com.libraries.flyergenerator", "com.libraries.flyergenerator\com.libraries.flyergenerator.csproj", "{28928A6D-6368-43E9-8644-3723ECAE3869}"
EndProject
Global
	GlobalSection(SolutionConfigurationPlatforms) = preSolution
		Debug|Any CPU = Debug|Any CPU
		Release|Any CPU = Release|Any CPU
	EndGlobalSection
	GlobalSection(ProjectConfigurationPlatforms) = postSolution
		{E9C7AB9F-31F2-472C-90A7-6371753EF148}.Debug|Any CPU.ActiveCfg = Debug|Any CPU
		{E9C7AB9F-31F2-472C-90A7-6371753EF148}.Debug|Any CPU.Build.0 = Debug|Any CPU
		{E9C7AB9F-31F2-472C-90A7-6371753EF148}.Release|Any CPU.ActiveCfg = Release|Any CPU
		{E9C7AB9F-31F2-472C-90A7-6371753EF148}.Release|Any CPU.Build.0 = Release|Any CPU
		{E046DACC-C5A1-4060-A7D1-12556C1F94F9}.Debug|Any CPU.ActiveCfg = Debug|Any CPU
		{E046DACC-C5A1-4060-A7D1-12556C1F94F9}.Debug|Any CPU.Build.0 = Debug|Any CPU
		{E046DACC-C5A1-4060-A7D1-12556C1F94F9}.Release|Any CPU.ActiveCfg = Release|Any CPU
		{E046DACC-C5A1-4060-A7D1-12556C1F94F9}.Release|Any CPU.Build.0 = Release|Any CPU
		{28928A6D-6368-43E9-8644-3723ECAE3869}.Debug|Any CPU.ActiveCfg = Debug|Any CPU
		{28928A6D-6368-43E9-8644-3723ECAE3869}.Debug|Any CPU.Build.0 = Debug|Any CPU
		{28928A6D-6368-43E9-8644-3723ECAE3869}.Release|Any CPU.ActiveCfg = Release|Any CPU
		{28928A6D-6368-43E9-8644-3723ECAE3869}.Release|Any CPU.Build.0 = Release|Any CPU
	EndGlobalSection
	GlobalSection(SolutionProperties) = preSolution
		HideSolutionNode = FALSE
	EndGlobalSection
	GlobalSection(NestedProjects) = preSolution
		{E046DACC-C5A1-4060-A7D1-12556C1F94F9} = {7049B024-3CED-43DD-8513-AE983981CA42}
		{28928A6D-6368-43E9-8644-3723ECAE3869} = {7049B024-3CED-43DD-8513-AE983981CA42}
	EndGlobalSection
EndGlobal
